// !$*UTF8*$!
{
	archiveVersion = 1;
	classes = {
	};
	objectVersion = 50;
	objects = {

/* Begin PBXBuildFile section */
		F6608D41244A583E00BE4515 /* AppDelegate.swift in Sources */ = {isa = PBXBuildFile; fileRef = F6608D40244A583E00BE4515 /* AppDelegate.swift */; };
		F6608D43244A583E00BE4515 /* SceneDelegate.swift in Sources */ = {isa = PBXBuildFile; fileRef = F6608D42244A583E00BE4515 /* SceneDelegate.swift */; };
		F6608D45244A583E00BE4515 /* ViewController.swift in Sources */ = {isa = PBXBuildFile; fileRef = F6608D44244A583E00BE4515 /* ViewController.swift */; };
		F6608D48244A583E00BE4515 /* Main.storyboard in Resources */ = {isa = PBXBuildFile; fileRef = F6608D46244A583E00BE4515 /* Main.storyboard */; };
		F6608D4B244A583E00BE4515 /* tabsplitt.xcdatamodeld in Sources */ = {isa = PBXBuildFile; fileRef = F6608D49244A583E00BE4515 /* tabsplitt.xcdatamodeld */; };
		F6608D4D244A583F00BE4515 /* Assets.xcassets in Resources */ = {isa = PBXBuildFile; fileRef = F6608D4C244A583F00BE4515 /* Assets.xcassets */; };
		F6608D50244A583F00BE4515 /* LaunchScreen.storyboard in Resources */ = {isa = PBXBuildFile; fileRef = F6608D4E244A583F00BE4515 /* LaunchScreen.storyboard */; };
/* End PBXBuildFile section */

/* Begin PBXFileReference section */
		F6608D3D244A583E00BE4515 /* tabsplitt.app */ = {isa = PBXFileReference; explicitFileType = wrapper.application; includeInIndex = 0; path = tabsplitt.app; sourceTree = BUILT_PRODUCTS_DIR; };
		F6608D40244A583E00BE4515 /* AppDelegate.swift */ = {isa = PBXFileReference; lastKnownFileType = sourcecode.swift; path = AppDelegate.swift; sourceTree = "<group>"; };
		F6608D42244A583E00BE4515 /* SceneDelegate.swift */ = {isa = PBXFileReference; lastKnownFileType = sourcecode.swift; path = SceneDelegate.swift; sourceTree = "<group>"; };
		F6608D44244A583E00BE4515 /* ViewController.swift */ = {isa = PBXFileReference; lastKnownFileType = sourcecode.swift; path = ViewController.swift; sourceTree = "<group>"; };
		F6608D47244A583E00BE4515 /* Base */ = {isa = PBXFileReference; lastKnownFileType = file.storyboard; name = Base; path = Base.lproj/Main.storyboard; sourceTree = "<group>"; };
		F6608D4A244A583E00BE4515 /* tabsplitt.xcdatamodel */ = {isa = PBXFileReference; lastKnownFileType = wrapper.xcdatamodel; path = tabsplitt.xcdatamodel; sourceTree = "<group>"; };
		F6608D4C244A583F00BE4515 /* Assets.xcassets */ = {isa = PBXFileReference; lastKnownFileType = folder.assetcatalog; path = Assets.xcassets; sourceTree = "<group>"; };
		F6608D4F244A583F00BE4515 /* Base */ = {isa = PBXFileReference; lastKnownFileType = file.storyboard; name = Base; path = Base.lproj/LaunchScreen.storyboard; sourceTree = "<group>"; };
		F6608D51244A583F00BE4515 /* Info.plist */ = {isa = PBXFileReference; lastKnownFileType = text.plist.xml; path = Info.plist; sourceTree = "<group>"; };
/* End PBXFileReference section */

/* Begin PBXFrameworksBuildPhase section */
		F6608D3A244A583E00BE4515 /* Frameworks */ = {
			isa = PBXFrameworksBuildPhase;
			buildActionMask = 2147483647;
			files = (
			);
			runOnlyForDeploymentPostprocessing = 0;
		};
/* End PBXFrameworksBuildPhase section */

/* Begin PBXGroup section */
		F6608D34244A583E00BE4515 = {
			isa = PBXGroup;
			children = (
				F6608D3F244A583E00BE4515 /* tabsplitt */,
				F6608D3E244A583E00BE4515 /* Products */,
			);
			sourceTree = "<group>";
		};
		F6608D3E244A583E00BE4515 /* Products */ = {
			isa = PBXGroup;
			children = (
				F6608D3D244A583E00BE4515 /* tabsplitt.app */,
			);
			name = Products;
			sourceTree = "<group>";
		};
		F6608D3F244A583E00BE4515 /* tabsplitt */ = {
			isa = PBXGroup;
			children = (
				F6608D40244A583E00BE4515 /* AppDelegate.swift */,
				F6608D42244A583E00BE4515 /* SceneDelegate.swift */,
				F6608D44244A583E00BE4515 /* ViewController.swift */,
				F6608D46244A583E00BE4515 /* Main.storyboard */,
				F6608D4C244A583F00BE4515 /* Assets.xcassets */,
				F6608D4E244A583F00BE4515 /* LaunchScreen.storyboard */,
				F6608D51244A583F00BE4515 /* Info.plist */,
				F6608D49244A583E00BE4515 /* tabsplitt.xcdatamodeld */,
			);
			path = tabsplitt;
			sourceTree = "<group>";
		};
/* End PBXGroup section */

/* Begin PBXNativeTarget section */
		F6608D3C244A583E00BE4515 /* tabsplitt */ = {
			isa = PBXNativeTarget;
			buildConfigurationList = F6608D54244A583F00BE4515 /* Build configuration list for PBXNativeTarget "tabsplitt" */;
			buildPhases = (
				F6608D39244A583E00BE4515 /* Sources */,
				F6608D3A244A583E00BE4515 /* Frameworks */,
				F6608D3B244A583E00BE4515 /* Resources */,
			);
			buildRules = (
			);
			dependencies = (
			);
			name = tabsplitt;
			productName = tabsplitt;
			productReference = F6608D3D244A583E00BE4515 /* tabsplitt.app */;
			productType = "com.apple.product-type.application";
		};
/* End PBXNativeTarget section */

/* Begin PBXProject section */
		F6608D35244A583E00BE4515 /* Project object */ = {
			isa = PBXProject;
			attributes = {
				LastSwiftUpdateCheck = 1140;
				LastUpgradeCheck = 1140;
				ORGANIZATIONNAME = twodayslate;
				TargetAttributes = {
					F6608D3C244A583E00BE4515 = {
						CreatedOnToolsVersion = 11.4.1;
					};
				};
			};
			buildConfigurationList = F6608D38244A583E00BE4515 /* Build configuration list for PBXProject "tabsplitt" */;
			compatibilityVersion = "Xcode 9.3";
			developmentRegion = en;
			hasScannedForEncodings = 0;
			knownRegions = (
				en,
				Base,
			);
			mainGroup = F6608D34244A583E00BE4515;
			productRefGroup = F6608D3E244A583E00BE4515 /* Products */;
			projectDirPath = "";
			projectRoot = "";
			targets = (
				F6608D3C244A583E00BE4515 /* tabsplitt */,
			);
		};
/* End PBXProject section */

/* Begin PBXResourcesBuildPhase section */
		F6608D3B244A583E00BE4515 /* Resources */ = {
			isa = PBXResourcesBuildPhase;
			buildActionMask = 2147483647;
			files = (
				F6608D50244A583F00BE4515 /* LaunchScreen.storyboard in Resources */,
				F6608D4D244A583F00BE4515 /* Assets.xcassets in Resources */,
				F6608D48244A583E00BE4515 /* Main.storyboard in Resources */,
			);
			runOnlyForDeploymentPostprocessing = 0;
		};
/* End PBXResourcesBuildPhase section */

/* Begin PBXSourcesBuildPhase section */
		F6608D39244A583E00BE4515 /* Sources */ = {
			isa = PBXSourcesBuildPhase;
			buildActionMask = 2147483647;
			files = (
				F6608D45244A583E00BE4515 /* ViewController.swift in Sources */,
				F6608D4B244A583E00BE4515 /* tabsplitt.xcdatamodeld in Sources */,
				F6608D41244A583E00BE4515 /* AppDelegate.swift in Sources */,
				F6608D43244A583E00BE4515 /* SceneDelegate.swift in Sources */,
			);
			runOnlyForDeploymentPostprocessing = 0;
		};
/* End PBXSourcesBuildPhase section */

/* Begin PBXVariantGroup section */
		F6608D46244A583E00BE4515 /* Main.storyboard */ = {
			isa = PBXVariantGroup;
			children = (
				F6608D47244A583E00BE4515 /* Base */,
			);
			name = Main.storyboard;
			sourceTree = "<group>";
		};
		F6608D4E244A583F00BE4515 /* LaunchScreen.storyboard */ = {
			isa = PBXVariantGroup;
			children = (
				F6608D4F244A583F00BE4515 /* Base */,
			);
			name = LaunchScreen.storyboard;
			sourceTree = "<group>";
		};
/* End PBXVariantGroup section */

/* Begin XCBuildConfiguration section */
		F6608D52244A583F00BE4515 /* Debug */ = {
			isa = XCBuildConfiguration;
			buildSettings = {
				ALWAYS_SEARCH_USER_PATHS = NO;
				CLANG_ANALYZER_NONNULL = YES;
				CLANG_ANALYZER_NUMBER_OBJECT_CONVERSION = YES_AGGRESSIVE;
				CLANG_CXX_LANGUAGE_STANDARD = "gnu++14";
				CLANG_CXX_LIBRARY = "libc++";
				CLANG_ENABLE_MODULES = YES;
				CLANG_ENABLE_OBJC_ARC = YES;
				CLANG_ENABLE_OBJC_WEAK = YES;
				CLANG_WARN_BLOCK_CAPTURE_AUTORELEASING = YES;
				CLANG_WARN_BOOL_CONVERSION = YES;
				CLANG_WARN_COMMA = YES;
				CLANG_WARN_CONSTANT_CONVERSION = YES;
				CLANG_WARN_DEPRECATED_OBJC_IMPLEMENTATIONS = YES;
				CLANG_WARN_DIRECT_OBJC_ISA_USAGE = YES_ERROR;
				CLANG_WARN_DOCUMENTATION_COMMENTS = YES;
				CLANG_WARN_EMPTY_BODY = YES;
				CLANG_WARN_ENUM_CONVERSION = YES;
				CLANG_WARN_INFINITE_RECURSION = YES;
				CLANG_WARN_INT_CONVERSION = YES;
				CLANG_WARN_NON_LITERAL_NULL_CONVERSION = YES;
				CLANG_WARN_OBJC_IMPLICIT_RETAIN_SELF = YES;
				CLANG_WARN_OBJC_LITERAL_CONVERSION = YES;
				CLANG_WARN_OBJC_ROOT_CLASS = YES_ERROR;
				CLANG_WARN_RANGE_LOOP_ANALYSIS = YES;
				CLANG_WARN_STRICT_PROTOTYPES = YES;
				CLANG_WARN_SUSPICIOUS_MOVE = YES;
				CLANG_WARN_UNGUARDED_AVAILABILITY = YES_AGGRESSIVE;
				CLANG_WARN_UNREACHABLE_CODE = YES;
				CLANG_WARN__DUPLICATE_METHOD_MATCH = YES;
				COPY_PHASE_STRIP = NO;
				DEBUG_INFORMATION_FORMAT = dwarf;
				ENABLE_STRICT_OBJC_MSGSEND = YES;
				ENABLE_TESTABILITY = YES;
				GCC_C_LANGUAGE_STANDARD = gnu11;
				GCC_DYNAMIC_NO_PIC = NO;
				GCC_NO_COMMON_BLOCKS = YES;
				GCC_OPTIMIZATION_LEVEL = 0;
				GCC_PREPROCESSOR_DEFINITIONS = (
					"DEBUG=1",
					"$(inherited)",
				);
				GCC_WARN_64_TO_32_BIT_CONVERSION = YES;
				GCC_WARN_ABOUT_RETURN_TYPE = YES_ERROR;
				GCC_WARN_UNDECLARED_SELECTOR = YES;
				GCC_WARN_UNINITIALIZED_AUTOS = YES_AGGRESSIVE;
				GCC_WARN_UNUSED_FUNCTION = YES;
				GCC_WARN_UNUSED_VARIABLE = YES;
				IPHONEOS_DEPLOYMENT_TARGET = 13.4;
				MTL_ENABLE_DEBUG_INFO = INCLUDE_SOURCE;
				MTL_FAST_MATH = YES;
				ONLY_ACTIVE_ARCH = YES;
				SDKROOT = iphoneos;
				SWIFT_ACTIVE_COMPILATION_CONDITIONS = DEBUG;
				SWIFT_OPTIMIZATION_LEVEL = "-Onone";
			};
			name = Debug;
		};
		F6608D53244A583F00BE4515 /* Release */ = {
			isa = XCBuildConfiguration;
			buildSettings = {
				ALWAYS_SEARCH_USER_PATHS = NO;
				CLANG_ANALYZER_NONNULL = YES;
				CLANG_ANALYZER_NUMBER_OBJECT_CONVERSION = YES_AGGRESSIVE;
				CLANG_CXX_LANGUAGE_STANDARD = "gnu++14";
				CLANG_CXX_LIBRARY = "libc++";
				CLANG_ENABLE_MODULES = YES;
				CLANG_ENABLE_OBJC_ARC = YES;
				CLANG_ENABLE_OBJC_WEAK = YES;
				CLANG_WARN_BLOCK_CAPTURE_AUTORELEASING = YES;
				CLANG_WARN_BOOL_CONVERSION = YES;
				CLANG_WARN_COMMA = YES;
				CLANG_WARN_CONSTANT_CONVERSION = YES;
				CLANG_WARN_DEPRECATED_OBJC_IMPLEMENTATIONS = YES;
				CLANG_WARN_DIRECT_OBJC_ISA_USAGE = YES_ERROR;
				CLANG_WARN_DOCUMENTATION_COMMENTS = YES;
				CLANG_WARN_EMPTY_BODY = YES;
				CLANG_WARN_ENUM_CONVERSION = YES;
				CLANG_WARN_INFINITE_RECURSION = YES;
				CLANG_WARN_INT_CONVERSION = YES;
				CLANG_WARN_NON_LITERAL_NULL_CONVERSION = YES;
				CLANG_WARN_OBJC_IMPLICIT_RETAIN_SELF = YES;
				CLANG_WARN_OBJC_LITERAL_CONVERSION = YES;
				CLANG_WARN_OBJC_ROOT_CLASS = YES_ERROR;
				CLANG_WARN_RANGE_LOOP_ANALYSIS = YES;
				CLANG_WARN_STRICT_PROTOTYPES = YES;
				CLANG_WARN_SUSPICIOUS_MOVE = YES;
				CLANG_WARN_UNGUARDED_AVAILABILITY = YES_AGGRESSIVE;
				CLANG_WARN_UNREACHABLE_CODE = YES;
				CLANG_WARN__DUPLICATE_METHOD_MATCH = YES;
				COPY_PHASE_STRIP = NO;
				DEBUG_INFORMATION_FORMAT = "dwarf-with-dsym";
				ENABLE_NS_ASSERTIONS = NO;
				ENABLE_STRICT_OBJC_MSGSEND = YES;
				GCC_C_LANGUAGE_STANDARD = gnu11;
				GCC_NO_COMMON_BLOCKS = YES;
				GCC_WARN_64_TO_32_BIT_CONVERSION = YES;
				GCC_WARN_ABOUT_RETURN_TYPE = YES_ERROR;
				GCC_WARN_UNDECLARED_SELECTOR = YES;
				GCC_WARN_UNINITIALIZED_AUTOS = YES_AGGRESSIVE;
				GCC_WARN_UNUSED_FUNCTION = YES;
				GCC_WARN_UNUSED_VARIABLE = YES;
				IPHONEOS_DEPLOYMENT_TARGET = 13.4;
				MTL_ENABLE_DEBUG_INFO = NO;
				MTL_FAST_MATH = YES;
				SDKROOT = iphoneos;
				SWIFT_COMPILATION_MODE = wholemodule;
				SWIFT_OPTIMIZATION_LEVEL = "-O";
				VALIDATE_PRODUCT = YES;
			};
			name = Release;
		};
		F6608D55244A583F00BE4515 /* Debug */ = {
			isa = XCBuildConfiguration;
			buildSettings = {
				ASSETCATALOG_COMPILER_APPICON_NAME = AppIcon;
				CODE_SIGN_STYLE = Automatic;
				DEVELOPMENT_TEAM = C6L3992RFB;
				INFOPLIST_FILE = tabsplitt/Info.plist;
				LD_RUNPATH_SEARCH_PATHS = (
					"$(inherited)",
					"@executable_path/Frameworks",
				);
				PRODUCT_BUNDLE_IDENTIFIER = com.twodayslate.tabsplitt;
				PRODUCT_NAME = "$(TARGET_NAME)";
				SWIFT_VERSION = 5.0;
				TARGETED_DEVICE_FAMILY = "1,2";
			};
			name = Debug;
		};
		F6608D56244A583F00BE4515 /* Release */ = {
			isa = XCBuildConfiguration;
			buildSettings = {
				ASSETCATALOG_COMPILER_APPICON_NAME = AppIcon;
				CODE_SIGN_STYLE = Automatic;
				DEVELOPMENT_TEAM = C6L3992RFB;
				INFOPLIST_FILE = tabsplitt/Info.plist;
				LD_RUNPATH_SEARCH_PATHS = (
					"$(inherited)",
					"@executable_path/Frameworks",
				);
				PRODUCT_BUNDLE_IDENTIFIER = com.twodayslate.tabsplitt;
				PRODUCT_NAME = "$(TARGET_NAME)";
				SWIFT_VERSION = 5.0;
				TARGETED_DEVICE_FAMILY = "1,2";
			};
			name = Release;
		};
/* End XCBuildConfiguration section */

/* Begin XCConfigurationList section */
		F6608D38244A583E00BE4515 /* Build configuration list for PBXProject "tabsplitt" */ = {
			isa = XCConfigurationList;
			buildConfigurations = (
				F6608D52244A583F00BE4515 /* Debug */,
				F6608D53244A583F00BE4515 /* Release */,
			);
			defaultConfigurationIsVisible = 0;
			defaultConfigurationName = Release;
		};
		F6608D54244A583F00BE4515 /* Build configuration list for PBXNativeTarget "tabsplitt" */ = {
			isa = XCConfigurationList;
			buildConfigurations = (
				F6608D55244A583F00BE4515 /* Debug */,
				F6608D56244A583F00BE4515 /* Release */,
			);
			defaultConfigurationIsVisible = 0;
			defaultConfigurationName = Release;
		};
/* End XCConfigurationList section */

/* Begin XCVersionGroup section */
		F6608D49244A583E00BE4515 /* tabsplitt.xcdatamodeld */ = {
			isa = XCVersionGroup;
			children = (
				F6608D4A244A583E00BE4515 /* tabsplitt.xcdatamodel */,
			);
			currentVersion = F6608D4A244A583E00BE4515 /* tabsplitt.xcdatamodel */;
			path = tabsplitt.xcdatamodeld;
			sourceTree = "<group>";
			versionGroupType = wrapper.xcdatamodel;
		};
/* End XCVersionGroup section */
	};
	rootObject = F6608D35244A583E00BE4515 /* Project object */;
}
